{
    "version": 3,
    "terraform_version": "0.11.5",
    "serial": 2,
    "lineage": "638aa9fd-2e34-19a6-fb00-fccbc991828e",
    "modules": [
        {
            "path": [
                "root"
            ],
            "outputs": {
                "Container Name": {
                    "sensitive": false,
                    "type": "string",
                    "value": "prod_blog"
                },
                "IP Address": {
                    "sensitive": false,
                    "type": "string",
                    "value": "172.17.0.2"
                }
            },
            "resources": {},
            "depends_on": []
        },
        {
            "path": [
                "root",
                "container"
            ],
            "outputs": {
                "container_name": {
                    "sensitive": false,
                    "type": "string",
                    "value": "prod_blog"
                },
                "ip": {
                    "sensitive": false,
                    "type": "string",
                    "value": "172.17.0.2"
                }
            },
            "resources": {
                "docker_container.container_id": {
                    "type": "docker_container",
                    "depends_on": [],
                    "primary": {
                        "id": "c8e85dad6c36aa0752357f2ecb5c38011f46faa41c04a6894003536980b262e3",
                        "attributes": {
                            "attach": "false",
                            "bridge": "",
                            "gateway": "172.17.0.1",
                            "id": "c8e85dad6c36aa0752357f2ecb5c38011f46faa41c04a6894003536980b262e3",
                            "image": "sha256:d3dcc25e0dc4d14198cd4e4d82a1de9dfc8c647549d0683a5dd171b7c741fa00",
                            "ip_address": "172.17.0.2",
                            "ip_prefix_length": "16",
                            "log_driver": "json-file",
                            "logs": "false",
                            "must_run": "true",
                            "name": "prod_blog",
                            "network_data.#": "1",
                            "network_data.0.gateway": "172.17.0.1",
                            "network_data.0.ip_address": "172.17.0.2",
                            "network_data.0.ip_prefix_length": "16",
                            "network_data.0.network_name": "bridge",
                            "ports.#": "1",
                            "ports.0.external": "80",
                            "ports.0.internal": "80",
                            "ports.0.ip": "0.0.0.0",
                            "ports.0.protocol": "tcp",
                            "restart": "no",
                            "rm": "false",
                            "start": "true"
                        },
                        "meta": {},
                        "tainted": false
                    },
                    "deposed": [],
                    "provider": "provider.docker"
                }
            },
            "depends_on": []
        },
        {
            "path": [
                "root",
                "image"
            ],
            "outputs": {
                "image_out": {
                    "sensitive": false,
                    "type": "string",
                    "value": "sha256:d3dcc25e0dc4d14198cd4e4d82a1de9dfc8c647549d0683a5dd171b7c741fa00"
                }
            },
            "resources": {
                "docker_image.image_id": {
                    "type": "docker_image",
                    "depends_on": [],
                    "primary": {
                        "id": "sha256:d3dcc25e0dc4d14198cd4e4d82a1de9dfc8c647549d0683a5dd171b7c741fa00nginx:alpine",
                        "attributes": {
                            "id": "sha256:d3dcc25e0dc4d14198cd4e4d82a1de9dfc8c647549d0683a5dd171b7c741fa00nginx:alpine",
                            "latest": "sha256:d3dcc25e0dc4d14198cd4e4d82a1de9dfc8c647549d0683a5dd171b7c741fa00",
                            "name": "nginx:alpine"
                        },
                        "meta": {},
                        "tainted": false
                    },
                    "deposed": [],
                    "provider": "provider.docker"
                }
            },
            "depends_on": []
        }
    ]
}
